
Microsoft Visual Studio Solution File, Format Version 12.00
Project("{FAE04EC0-301F-11D3-BF4B-00C04F79EFBC}") = "ScyllaDB.Alternator", "ScyllaDB.Alternator.csproj", "{C8840517-C776-4765-8A2B-2989A66BE97D}"
EndProject
Project("{FAE04EC0-301F-11D3-BF4B-00C04F79EFBC}") = "ScyllaDB.Alternator.Test", "Test/ScyllaDB.Alternator.Test.csproj", "{7D4CA20F-3CC6-48B7-8C91-3A023F2FA834}"
EndProject

Global
	GlobalSection(SolutionConfigurationPlatforms) = preSolution
		Debug|Any CPU = Debug|Any CPU
		Release|Any CPU = Release|Any CPU
	EndGlobalSection
	GlobalSection(ProjectConfigurationPlatforms) = postSolution
		{C8840517-C776-4765-8A2B-2989A66BE97D}.Debug|Any CPU.ActiveCfg = Debug|Any CPU
		{C8840517-C776-4765-8A2B-2989A66BE97D}.Debug|Any CPU.Build.0 = Debug|Any CPU
		{C8840517-C776-4765-8A2B-2989A66BE97D}.Release|Any CPU.ActiveCfg = Release|Any CPU
		{C8840517-C776-4765-8A2B-2989A66BE97D}.Release|Any CPU.Build.0 = Release|Any CPU

		{7D4CA20F-3CC6-48B7-8C91-3A023F2FA834}.Debug|Any CPU.ActiveCfg = Debug|Any CPU
		{7D4CA20F-3CC6-48B7-8C91-3A023F2FA834}.Debug|Any CPU.Build.0 = Debug|Any CPU
		{7D4CA20F-3CC6-48B7-8C91-3A023F2FA834}.Release|Any CPU.ActiveCfg = Release|Any CPU
		{7D4CA20F-3CC6-48B7-8C91-3A023F2FA834}.Release|Any CPU.Build.0 = Release|Any CPU
	EndGlobalSection
EndGlobal
